
Microsoft Visual Studio Solution File, Format Version 12.00
# Visual Studio Version 16
VisualStudioVersion = 16.0.30717.126
MinimumVisualStudioVersion = 10.0.40219.1
Project("{FAE04EC0-301F-11D3-BF4B-00C04F79EFBC}") = "Biorhythms", "Biorhythms\Biorhythms.csproj", "{E6EDD36E-376D-4BB5-B125-56A5D3445681}"
EndProject
Global
	GlobalSection(SolutionConfigurationPlatforms) = preSolution
		Debug|Any CPU = Debug|Any CPU
		Release|Any CPU = Release|Any CPU
	EndGlobalSection
	GlobalSection(ProjectConfigurationPlatforms) = postSolution
		{E6EDD36E-376D-4BB5-B125-56A5D3445681}.Debug|Any CPU.ActiveCfg = Debug|Any CPU
		{E6EDD36E-376D-4BB5-B125-56A5D3445681}.Debug|Any CPU.Build.0 = Debug|Any CPU
		{E6EDD36E-376D-4BB5-B125-56A5D3445681}.Release|Any CPU.ActiveCfg = Release|Any CPU
		{E6EDD36E-376D-4BB5-B125-56A5D3445681}.Release|Any CPU.Build.0 = Release|Any CPU
	EndGlobalSection
	GlobalSection(SolutionProperties) = preSolution
		HideSolutionNode = FALSE
	EndGlobalSection
	GlobalSection(ExtensibilityGlobals) = postSolution
		SolutionGuid = {1D806A23-BD7B-4002-BB3B-6797BC77A3F4}
	EndGlobalSection
EndGlobal
